// !$*UTF8*$!
{
	archiveVersion = 1;
	classes = {
	};
	objectVersion = 52;
	objects = {

/* Begin PBXBuildFile section */
		012F1DA5245ECC9600ACAFF0 /* AppDelegate.swift in Sources */ = {isa = PBXBuildFile; fileRef = 012F1DA4245ECC9600ACAFF0 /* AppDelegate.swift */; };
		012F1DA7245ECC9600ACAFF0 /* SceneDelegate.swift in Sources */ = {isa = PBXBuildFile; fileRef = 012F1DA6245ECC9600ACAFF0 /* SceneDelegate.swift */; };
		012F1DA9245ECC9600ACAFF0 /* ContentView.swift in Sources */ = {isa = PBXBuildFile; fileRef = 012F1DA8245ECC9600ACAFF0 /* ContentView.swift */; };
		012F1DAB245ECC9900ACAFF0 /* Assets.xcassets in Resources */ = {isa = PBXBuildFile; fileRef = 012F1DAA245ECC9900ACAFF0 /* Assets.xcassets */; };
		012F1DAE245ECC9900ACAFF0 /* Preview Assets.xcassets in Resources */ = {isa = PBXBuildFile; fileRef = 012F1DAD245ECC9900ACAFF0 /* Preview Assets.xcassets */; };
		012F1DB1245ECC9900ACAFF0 /* LaunchScreen.storyboard in Resources */ = {isa = PBXBuildFile; fileRef = 012F1DAF245ECC9900ACAFF0 /* LaunchScreen.storyboard */; };
		012F1DBC245ECC9A00ACAFF0 /* SwiftFlowExampleTests.swift in Sources */ = {isa = PBXBuildFile; fileRef = 012F1DBB245ECC9A00ACAFF0 /* SwiftFlowExampleTests.swift */; };
		012F1DC9245ECEAA00ACAFF0 /* SwiftFlow in Frameworks */ = {isa = PBXBuildFile; productRef = 012F1DC8245ECEAA00ACAFF0 /* SwiftFlow */; };
/* End PBXBuildFile section */

/* Begin PBXContainerItemProxy section */
		012F1DB8245ECC9A00ACAFF0 /* PBXContainerItemProxy */ = {
			isa = PBXContainerItemProxy;
			containerPortal = 012F1D99245ECC9600ACAFF0 /* Project object */;
			proxyType = 1;
			remoteGlobalIDString = 012F1DA0245ECC9600ACAFF0;
			remoteInfo = SwiftFlowExample;
		};
/* End PBXContainerItemProxy section */

/* Begin PBXFileReference section */
		012F1DA1245ECC9600ACAFF0 /* SwiftFlowExample.app */ = {isa = PBXFileReference; explicitFileType = wrapper.application; includeInIndex = 0; path = SwiftFlowExample.app; sourceTree = BUILT_PRODUCTS_DIR; };
		012F1DA4245ECC9600ACAFF0 /* AppDelegate.swift */ = {isa = PBXFileReference; lastKnownFileType = sourcecode.swift; path = AppDelegate.swift; sourceTree = "<group>"; };
		012F1DA6245ECC9600ACAFF0 /* SceneDelegate.swift */ = {isa = PBXFileReference; lastKnownFileType = sourcecode.swift; path = SceneDelegate.swift; sourceTree = "<group>"; };
		012F1DA8245ECC9600ACAFF0 /* ContentView.swift */ = {isa = PBXFileReference; lastKnownFileType = sourcecode.swift; path = ContentView.swift; sourceTree = "<group>"; };
		012F1DAA245ECC9900ACAFF0 /* Assets.xcassets */ = {isa = PBXFileReference; lastKnownFileType = folder.assetcatalog; path = Assets.xcassets; sourceTree = "<group>"; };
		012F1DAD245ECC9900ACAFF0 /* Preview Assets.xcassets */ = {isa = PBXFileReference; lastKnownFileType = folder.assetcatalog; path = "Preview Assets.xcassets"; sourceTree = "<group>"; };
		012F1DB0245ECC9900ACAFF0 /* Base */ = {isa = PBXFileReference; lastKnownFileType = file.storyboard; name = Base; path = Base.lproj/LaunchScreen.storyboard; sourceTree = "<group>"; };
		012F1DB2245ECC9900ACAFF0 /* Info.plist */ = {isa = PBXFileReference; lastKnownFileType = text.plist.xml; path = Info.plist; sourceTree = "<group>"; };
		012F1DB7245ECC9A00ACAFF0 /* SwiftFlowExampleTests.xctest */ = {isa = PBXFileReference; explicitFileType = wrapper.cfbundle; includeInIndex = 0; path = SwiftFlowExampleTests.xctest; sourceTree = BUILT_PRODUCTS_DIR; };
		012F1DBB245ECC9A00ACAFF0 /* SwiftFlowExampleTests.swift */ = {isa = PBXFileReference; lastKnownFileType = sourcecode.swift; path = SwiftFlowExampleTests.swift; sourceTree = "<group>"; };
		012F1DBD245ECC9A00ACAFF0 /* Info.plist */ = {isa = PBXFileReference; lastKnownFileType = text.plist.xml; path = Info.plist; sourceTree = "<group>"; };
		012F1DCA245ECF7400ACAFF0 /* SwiftFlow */ = {isa = PBXFileReference; lastKnownFileType = folder; name = SwiftFlow; path = ../SwiftFlow; sourceTree = "<group>"; };
/* End PBXFileReference section */

/* Begin PBXFrameworksBuildPhase section */
		012F1D9E245ECC9600ACAFF0 /* Frameworks */ = {
			isa = PBXFrameworksBuildPhase;
			buildActionMask = 2147483647;
			files = (
				012F1DC9245ECEAA00ACAFF0 /* SwiftFlow in Frameworks */,
			);
			runOnlyForDeploymentPostprocessing = 0;
		};
		012F1DB4245ECC9A00ACAFF0 /* Frameworks */ = {
			isa = PBXFrameworksBuildPhase;
			buildActionMask = 2147483647;
			files = (
			);
			runOnlyForDeploymentPostprocessing = 0;
		};
/* End PBXFrameworksBuildPhase section */

/* Begin PBXGroup section */
		012F1D98245ECC9600ACAFF0 = {
			isa = PBXGroup;
			children = (
				012F1DCA245ECF7400ACAFF0 /* SwiftFlow */,
				012F1DA3245ECC9600ACAFF0 /* SwiftFlowExample */,
				012F1DBA245ECC9A00ACAFF0 /* SwiftFlowExampleTests */,
				012F1DA2245ECC9600ACAFF0 /* Products */,
				012F1DC7245ECEAA00ACAFF0 /* Frameworks */,
			);
			sourceTree = "<group>";
		};
		012F1DA2245ECC9600ACAFF0 /* Products */ = {
			isa = PBXGroup;
			children = (
				012F1DA1245ECC9600ACAFF0 /* SwiftFlowExample.app */,
				012F1DB7245ECC9A00ACAFF0 /* SwiftFlowExampleTests.xctest */,
			);
			name = Products;
			sourceTree = "<group>";
		};
		012F1DA3245ECC9600ACAFF0 /* SwiftFlowExample */ = {
			isa = PBXGroup;
			children = (
				012F1DA4245ECC9600ACAFF0 /* AppDelegate.swift */,
				012F1DA6245ECC9600ACAFF0 /* SceneDelegate.swift */,
				012F1DA8245ECC9600ACAFF0 /* ContentView.swift */,
				012F1DAA245ECC9900ACAFF0 /* Assets.xcassets */,
				012F1DAF245ECC9900ACAFF0 /* LaunchScreen.storyboard */,
				012F1DB2245ECC9900ACAFF0 /* Info.plist */,
				012F1DAC245ECC9900ACAFF0 /* Preview Content */,
			);
			path = SwiftFlowExample;
			sourceTree = "<group>";
		};
		012F1DAC245ECC9900ACAFF0 /* Preview Content */ = {
			isa = PBXGroup;
			children = (
				012F1DAD245ECC9900ACAFF0 /* Preview Assets.xcassets */,
			);
			path = "Preview Content";
			sourceTree = "<group>";
		};
		012F1DBA245ECC9A00ACAFF0 /* SwiftFlowExampleTests */ = {
			isa = PBXGroup;
			children = (
				012F1DBB245ECC9A00ACAFF0 /* SwiftFlowExampleTests.swift */,
				012F1DBD245ECC9A00ACAFF0 /* Info.plist */,
			);
			path = SwiftFlowExampleTests;
			sourceTree = "<group>";
		};
		012F1DC7245ECEAA00ACAFF0 /* Frameworks */ = {
			isa = PBXGroup;
			children = (
			);
			name = Frameworks;
			sourceTree = "<group>";
		};
/* End PBXGroup section */

/* Begin PBXNativeTarget section */
		012F1DA0245ECC9600ACAFF0 /* SwiftFlowExample */ = {
			isa = PBXNativeTarget;
			buildConfigurationList = 012F1DC0245ECC9A00ACAFF0 /* Build configuration list for PBXNativeTarget "SwiftFlowExample" */;
			buildPhases = (
				012F1D9D245ECC9600ACAFF0 /* Sources */,
				012F1D9E245ECC9600ACAFF0 /* Frameworks */,
				012F1D9F245ECC9600ACAFF0 /* Resources */,
			);
			buildRules = (
			);
			dependencies = (
			);
			name = SwiftFlowExample;
			packageProductDependencies = (
				012F1DC8245ECEAA00ACAFF0 /* SwiftFlow */,
			);
			productName = SwiftFlowExample;
			productReference = 012F1DA1245ECC9600ACAFF0 /* SwiftFlowExample.app */;
			productType = "com.apple.product-type.application";
		};
		012F1DB6245ECC9A00ACAFF0 /* SwiftFlowExampleTests */ = {
			isa = PBXNativeTarget;
			buildConfigurationList = 012F1DC3245ECC9A00ACAFF0 /* Build configuration list for PBXNativeTarget "SwiftFlowExampleTests" */;
			buildPhases = (
				012F1DB3245ECC9A00ACAFF0 /* Sources */,
				012F1DB4245ECC9A00ACAFF0 /* Frameworks */,
				012F1DB5245ECC9A00ACAFF0 /* Resources */,
			);
			buildRules = (
			);
			dependencies = (
				012F1DB9245ECC9A00ACAFF0 /* PBXTargetDependency */,
			);
			name = SwiftFlowExampleTests;
			productName = SwiftFlowExampleTests;
			productReference = 012F1DB7245ECC9A00ACAFF0 /* SwiftFlowExampleTests.xctest */;
			productType = "com.apple.product-type.bundle.unit-test";
		};
/* End PBXNativeTarget section */

/* Begin PBXProject section */
		012F1D99245ECC9600ACAFF0 /* Project object */ = {
			isa = PBXProject;
			attributes = {
				LastSwiftUpdateCheck = 1140;
				LastUpgradeCheck = 1140;
				ORGANIZATIONNAME = "Thongchai Kolyutsakul";
				TargetAttributes = {
					012F1DA0245ECC9600ACAFF0 = {
						CreatedOnToolsVersion = 11.4;
					};
					012F1DB6245ECC9A00ACAFF0 = {
						CreatedOnToolsVersion = 11.4;
						TestTargetID = 012F1DA0245ECC9600ACAFF0;
					};
				};
			};
			buildConfigurationList = 012F1D9C245ECC9600ACAFF0 /* Build configuration list for PBXProject "SwiftFlowExample" */;
			compatibilityVersion = "Xcode 9.3";
			developmentRegion = en;
			hasScannedForEncodings = 0;
			knownRegions = (
				en,
				Base,
			);
			mainGroup = 012F1D98245ECC9600ACAFF0;
			productRefGroup = 012F1DA2245ECC9600ACAFF0 /* Products */;
			projectDirPath = "";
			projectRoot = "";
			targets = (
				012F1DA0245ECC9600ACAFF0 /* SwiftFlowExample */,
				012F1DB6245ECC9A00ACAFF0 /* SwiftFlowExampleTests */,
			);
		};
/* End PBXProject section */

/* Begin PBXResourcesBuildPhase section */
		012F1D9F245ECC9600ACAFF0 /* Resources */ = {
			isa = PBXResourcesBuildPhase;
			buildActionMask = 2147483647;
			files = (
				012F1DB1245ECC9900ACAFF0 /* LaunchScreen.storyboard in Resources */,
				012F1DAE245ECC9900ACAFF0 /* Preview Assets.xcassets in Resources */,
				012F1DAB245ECC9900ACAFF0 /* Assets.xcassets in Resources */,
			);
			runOnlyForDeploymentPostprocessing = 0;
		};
		012F1DB5245ECC9A00ACAFF0 /* Resources */ = {
			isa = PBXResourcesBuildPhase;
			buildActionMask = 2147483647;
			files = (
			);
			runOnlyForDeploymentPostprocessing = 0;
		};
/* End PBXResourcesBuildPhase section */

/* Begin PBXSourcesBuildPhase section */
		012F1D9D245ECC9600ACAFF0 /* Sources */ = {
			isa = PBXSourcesBuildPhase;
			buildActionMask = 2147483647;
			files = (
				012F1DA5245ECC9600ACAFF0 /* AppDelegate.swift in Sources */,
				012F1DA7245ECC9600ACAFF0 /* SceneDelegate.swift in Sources */,
				012F1DA9245ECC9600ACAFF0 /* ContentView.swift in Sources */,
			);
			runOnlyForDeploymentPostprocessing = 0;
		};
		012F1DB3245ECC9A00ACAFF0 /* Sources */ = {
			isa = PBXSourcesBuildPhase;
			buildActionMask = 2147483647;
			files = (
				012F1DBC245ECC9A00ACAFF0 /* SwiftFlowExampleTests.swift in Sources */,
			);
			runOnlyForDeploymentPostprocessing = 0;
		};
/* End PBXSourcesBuildPhase section */

/* Begin PBXTargetDependency section */
		012F1DB9245ECC9A00ACAFF0 /* PBXTargetDependency */ = {
			isa = PBXTargetDependency;
			target = 012F1DA0245ECC9600ACAFF0 /* SwiftFlowExample */;
			targetProxy = 012F1DB8245ECC9A00ACAFF0 /* PBXContainerItemProxy */;
		};
/* End PBXTargetDependency section */

/* Begin PBXVariantGroup section */
		012F1DAF245ECC9900ACAFF0 /* LaunchScreen.storyboard */ = {
			isa = PBXVariantGroup;
			children = (
				012F1DB0245ECC9900ACAFF0 /* Base */,
			);
			name = LaunchScreen.storyboard;
			sourceTree = "<group>";
		};
/* End PBXVariantGroup section */

/* Begin XCBuildConfiguration section */
		012F1DBE245ECC9A00ACAFF0 /* Debug */ = {
			isa = XCBuildConfiguration;
			buildSettings = {
				ALWAYS_SEARCH_USER_PATHS = NO;
				CLANG_ANALYZER_NONNULL = YES;
				CLANG_ANALYZER_NUMBER_OBJECT_CONVERSION = YES_AGGRESSIVE;
				CLANG_CXX_LANGUAGE_STANDARD = "gnu++14";
				CLANG_CXX_LIBRARY = "libc++";
				CLANG_ENABLE_MODULES = YES;
				CLANG_ENABLE_OBJC_ARC = YES;
				CLANG_ENABLE_OBJC_WEAK = YES;
				CLANG_WARN_BLOCK_CAPTURE_AUTORELEASING = YES;
				CLANG_WARN_BOOL_CONVERSION = YES;
				CLANG_WARN_COMMA = YES;
				CLANG_WARN_CONSTANT_CONVERSION = YES;
				CLANG_WARN_DEPRECATED_OBJC_IMPLEMENTATIONS = YES;
				CLANG_WARN_DIRECT_OBJC_ISA_USAGE = YES_ERROR;
				CLANG_WARN_DOCUMENTATION_COMMENTS = YES;
				CLANG_WARN_EMPTY_BODY = YES;
				CLANG_WARN_ENUM_CONVERSION = YES;
				CLANG_WARN_INFINITE_RECURSION = YES;
				CLANG_WARN_INT_CONVERSION = YES;
				CLANG_WARN_NON_LITERAL_NULL_CONVERSION = YES;
				CLANG_WARN_OBJC_IMPLICIT_RETAIN_SELF = YES;
				CLANG_WARN_OBJC_LITERAL_CONVERSION = YES;
				CLANG_WARN_OBJC_ROOT_CLASS = YES_ERROR;
				CLANG_WARN_RANGE_LOOP_ANALYSIS = YES;
				CLANG_WARN_STRICT_PROTOTYPES = YES;
				CLANG_WARN_SUSPICIOUS_MOVE = YES;
				CLANG_WARN_UNGUARDED_AVAILABILITY = YES_AGGRESSIVE;
				CLANG_WARN_UNREACHABLE_CODE = YES;
				CLANG_WARN__DUPLICATE_METHOD_MATCH = YES;
				COPY_PHASE_STRIP = NO;
				DEBUG_INFORMATION_FORMAT = dwarf;
				ENABLE_STRICT_OBJC_MSGSEND = YES;
				ENABLE_TESTABILITY = YES;
				GCC_C_LANGUAGE_STANDARD = gnu11;
				GCC_DYNAMIC_NO_PIC = NO;
				GCC_NO_COMMON_BLOCKS = YES;
				GCC_OPTIMIZATION_LEVEL = 0;
				GCC_PREPROCESSOR_DEFINITIONS = (
					"DEBUG=1",
					"$(inherited)",
				);
				GCC_WARN_64_TO_32_BIT_CONVERSION = YES;
				GCC_WARN_ABOUT_RETURN_TYPE = YES_ERROR;
				GCC_WARN_UNDECLARED_SELECTOR = YES;
				GCC_WARN_UNINITIALIZED_AUTOS = YES_AGGRESSIVE;
				GCC_WARN_UNUSED_FUNCTION = YES;
				GCC_WARN_UNUSED_VARIABLE = YES;
				IPHONEOS_DEPLOYMENT_TARGET = 13.4;
				MTL_ENABLE_DEBUG_INFO = INCLUDE_SOURCE;
				MTL_FAST_MATH = YES;
				ONLY_ACTIVE_ARCH = YES;
				SDKROOT = iphoneos;
				SWIFT_ACTIVE_COMPILATION_CONDITIONS = DEBUG;
				SWIFT_OPTIMIZATION_LEVEL = "-Onone";
			};
			name = Debug;
		};
		012F1DBF245ECC9A00ACAFF0 /* Release */ = {
			isa = XCBuildConfiguration;
			buildSettings = {
				ALWAYS_SEARCH_USER_PATHS = NO;
				CLANG_ANALYZER_NONNULL = YES;
				CLANG_ANALYZER_NUMBER_OBJECT_CONVERSION = YES_AGGRESSIVE;
				CLANG_CXX_LANGUAGE_STANDARD = "gnu++14";
				CLANG_CXX_LIBRARY = "libc++";
				CLANG_ENABLE_MODULES = YES;
				CLANG_ENABLE_OBJC_ARC = YES;
				CLANG_ENABLE_OBJC_WEAK = YES;
				CLANG_WARN_BLOCK_CAPTURE_AUTORELEASING = YES;
				CLANG_WARN_BOOL_CONVERSION = YES;
				CLANG_WARN_COMMA = YES;
				CLANG_WARN_CONSTANT_CONVERSION = YES;
				CLANG_WARN_DEPRECATED_OBJC_IMPLEMENTATIONS = YES;
				CLANG_WARN_DIRECT_OBJC_ISA_USAGE = YES_ERROR;
				CLANG_WARN_DOCUMENTATION_COMMENTS = YES;
				CLANG_WARN_EMPTY_BODY = YES;
				CLANG_WARN_ENUM_CONVERSION = YES;
				CLANG_WARN_INFINITE_RECURSION = YES;
				CLANG_WARN_INT_CONVERSION = YES;
				CLANG_WARN_NON_LITERAL_NULL_CONVERSION = YES;
				CLANG_WARN_OBJC_IMPLICIT_RETAIN_SELF = YES;
				CLANG_WARN_OBJC_LITERAL_CONVERSION = YES;
				CLANG_WARN_OBJC_ROOT_CLASS = YES_ERROR;
				CLANG_WARN_RANGE_LOOP_ANALYSIS = YES;
				CLANG_WARN_STRICT_PROTOTYPES = YES;
				CLANG_WARN_SUSPICIOUS_MOVE = YES;
				CLANG_WARN_UNGUARDED_AVAILABILITY = YES_AGGRESSIVE;
				CLANG_WARN_UNREACHABLE_CODE = YES;
				CLANG_WARN__DUPLICATE_METHOD_MATCH = YES;
				COPY_PHASE_STRIP = NO;
				DEBUG_INFORMATION_FORMAT = "dwarf-with-dsym";
				ENABLE_NS_ASSERTIONS = NO;
				ENABLE_STRICT_OBJC_MSGSEND = YES;
				GCC_C_LANGUAGE_STANDARD = gnu11;
				GCC_NO_COMMON_BLOCKS = YES;
				GCC_WARN_64_TO_32_BIT_CONVERSION = YES;
				GCC_WARN_ABOUT_RETURN_TYPE = YES_ERROR;
				GCC_WARN_UNDECLARED_SELECTOR = YES;
				GCC_WARN_UNINITIALIZED_AUTOS = YES_AGGRESSIVE;
				GCC_WARN_UNUSED_FUNCTION = YES;
				GCC_WARN_UNUSED_VARIABLE = YES;
				IPHONEOS_DEPLOYMENT_TARGET = 13.4;
				MTL_ENABLE_DEBUG_INFO = NO;
				MTL_FAST_MATH = YES;
				SDKROOT = iphoneos;
				SWIFT_COMPILATION_MODE = wholemodule;
				SWIFT_OPTIMIZATION_LEVEL = "-O";
				VALIDATE_PRODUCT = YES;
			};
			name = Release;
		};
		012F1DC1245ECC9A00ACAFF0 /* Debug */ = {
			isa = XCBuildConfiguration;
			buildSettings = {
				ASSETCATALOG_COMPILER_APPICON_NAME = AppIcon;
				CODE_SIGN_STYLE = Automatic;
				DEVELOPMENT_ASSET_PATHS = "\"SwiftFlowExample/Preview Content\"";
				ENABLE_PREVIEWS = YES;
				INFOPLIST_FILE = SwiftFlowExample/Info.plist;
				LD_RUNPATH_SEARCH_PATHS = (
					"$(inherited)",
					"@executable_path/Frameworks",
				);
				PRODUCT_BUNDLE_IDENTIFIER = com.thongchai.SwiftFlowExample;
				PRODUCT_NAME = "$(TARGET_NAME)";
				SWIFT_VERSION = 5.0;
				TARGETED_DEVICE_FAMILY = "1,2";
			};
			name = Debug;
		};
		012F1DC2245ECC9A00ACAFF0 /* Release */ = {
			isa = XCBuildConfiguration;
			buildSettings = {
				ASSETCATALOG_COMPILER_APPICON_NAME = AppIcon;
				CODE_SIGN_STYLE = Automatic;
				DEVELOPMENT_ASSET_PATHS = "\"SwiftFlowExample/Preview Content\"";
				ENABLE_PREVIEWS = YES;
				INFOPLIST_FILE = SwiftFlowExample/Info.plist;
				LD_RUNPATH_SEARCH_PATHS = (
					"$(inherited)",
					"@executable_path/Frameworks",
				);
				PRODUCT_BUNDLE_IDENTIFIER = com.thongchai.SwiftFlowExample;
				PRODUCT_NAME = "$(TARGET_NAME)";
				SWIFT_VERSION = 5.0;
				TARGETED_DEVICE_FAMILY = "1,2";
			};
			name = Release;
		};
		012F1DC4245ECC9A00ACAFF0 /* Debug */ = {
			isa = XCBuildConfiguration;
			buildSettings = {
				ALWAYS_EMBED_SWIFT_STANDARD_LIBRARIES = YES;
				BUNDLE_LOADER = "$(TEST_HOST)";
				CODE_SIGN_STYLE = Automatic;
				INFOPLIST_FILE = SwiftFlowExampleTests/Info.plist;
				IPHONEOS_DEPLOYMENT_TARGET = 13.4;
				LD_RUNPATH_SEARCH_PATHS = (
					"$(inherited)",
					"@executable_path/Frameworks",
					"@loader_path/Frameworks",
				);
				PRODUCT_BUNDLE_IDENTIFIER = com.thongchai.SwiftFlowExampleTests;
				PRODUCT_NAME = "$(TARGET_NAME)";
				SWIFT_VERSION = 5.0;
				TARGETED_DEVICE_FAMILY = "1,2";
				TEST_HOST = "$(BUILT_PRODUCTS_DIR)/SwiftFlowExample.app/SwiftFlowExample";
			};
			name = Debug;
		};
		012F1DC5245ECC9A00ACAFF0 /* Release */ = {
			isa = XCBuildConfiguration;
			buildSettings = {
				ALWAYS_EMBED_SWIFT_STANDARD_LIBRARIES = YES;
				BUNDLE_LOADER = "$(TEST_HOST)";
				CODE_SIGN_STYLE = Automatic;
				INFOPLIST_FILE = SwiftFlowExampleTests/Info.plist;
				IPHONEOS_DEPLOYMENT_TARGET = 13.4;
				LD_RUNPATH_SEARCH_PATHS = (
					"$(inherited)",
					"@executable_path/Frameworks",
					"@loader_path/Frameworks",
				);
				PRODUCT_BUNDLE_IDENTIFIER = com.thongchai.SwiftFlowExampleTests;
				PRODUCT_NAME = "$(TARGET_NAME)";
				SWIFT_VERSION = 5.0;
				TARGETED_DEVICE_FAMILY = "1,2";
				TEST_HOST = "$(BUILT_PRODUCTS_DIR)/SwiftFlowExample.app/SwiftFlowExample";
			};
			name = Release;
		};
/* End XCBuildConfiguration section */

/* Begin XCConfigurationList section */
		012F1D9C245ECC9600ACAFF0 /* Build configuration list for PBXProject "SwiftFlowExample" */ = {
			isa = XCConfigurationList;
			buildConfigurations = (
				012F1DBE245ECC9A00ACAFF0 /* Debug */,
				012F1DBF245ECC9A00ACAFF0 /* Release */,
			);
			defaultConfigurationIsVisible = 0;
			defaultConfigurationName = Release;
		};
		012F1DC0245ECC9A00ACAFF0 /* Build configuration list for PBXNativeTarget "SwiftFlowExample" */ = {
			isa = XCConfigurationList;
			buildConfigurations = (
				012F1DC1245ECC9A00ACAFF0 /* Debug */,
				012F1DC2245ECC9A00ACAFF0 /* Release */,
			);
			defaultConfigurationIsVisible = 0;
			defaultConfigurationName = Release;
		};
		012F1DC3245ECC9A00ACAFF0 /* Build configuration list for PBXNativeTarget "SwiftFlowExampleTests" */ = {
			isa = XCConfigurationList;
			buildConfigurations = (
				012F1DC4245ECC9A00ACAFF0 /* Debug */,
				012F1DC5245ECC9A00ACAFF0 /* Release */,
			);
			defaultConfigurationIsVisible = 0;
			defaultConfigurationName = Release;
		};
/* End XCConfigurationList section */

/* Begin XCSwiftPackageProductDependency section */
		012F1DC8245ECEAA00ACAFF0 /* SwiftFlow */ = {
			isa = XCSwiftPackageProductDependency;
			productName = SwiftFlow;
		};
/* End XCSwiftPackageProductDependency section */
	};
	rootObject = 012F1D99245ECC9600ACAFF0 /* Project object */;
}
